github.com/gorilla/mux v1.8.0 h1:i40aqfkR1h2SlN9hojwV5ZA91wcXFOvkdNIeFDP5koI=
github.com/gorilla/mux v1.8.0/go.mod h1:DVbg23sWSpFRCP0SfiEN6jmj59UnW/n46BH5rLB71So=
github.com/widuu/gojson v0.0.0-20170212122013-7da9d2cd949b h1:ieRJ8K7QAPWWltEOv7rzMruuPd7gbeAqTaBFhUECIy0=
github.com/widuu/gojson v0.0.0-20170212122013-7da9d2cd949b/go.mod h1:9W1pyetRkwXqjR9tjOSrSuhGHBK0EqXoQSwWbhBHHwA=
